
Microsoft Visual Studio Solution File, Format Version 12.00
# Visual Studio Version 17
VisualStudioVersion = 17.10.34916.146
MinimumVisualStudioVersion = 10.0.40219.1
Project("{FAE04EC0-301F-11D3-BF4B-00C04F79EFBC}") = "Proyecto", "Proyecto\Proyecto.csproj", "{EC0BB43A-E789-4654-ABE0-C251429B145D}"
EndProject
Global
	GlobalSection(SolutionConfigurationPlatforms) = preSolution
		Debug|Any CPU = Debug|Any CPU
		Release|Any CPU = Release|Any CPU
	EndGlobalSection
	GlobalSection(ProjectConfigurationPlatforms) = postSolution
		{EC0BB43A-E789-4654-ABE0-C251429B145D}.Debug|Any CPU.ActiveCfg = Debug|Any CPU
		{EC0BB43A-E789-4654-ABE0-C251429B145D}.Debug|Any CPU.Build.0 = Debug|Any CPU
		{EC0BB43A-E789-4654-ABE0-C251429B145D}.Release|Any CPU.ActiveCfg = Release|Any CPU
		{EC0BB43A-E789-4654-ABE0-C251429B145D}.Release|Any CPU.Build.0 = Release|Any CPU
	EndGlobalSection
	GlobalSection(SolutionProperties) = preSolution
		HideSolutionNode = FALSE
	EndGlobalSection
	GlobalSection(ExtensibilityGlobals) = postSolution
		SolutionGuid = {8A6CFE4B-7BC2-4E7F-B9D2-E99EEE60FD08}
	EndGlobalSection
EndGlobal
